
Microsoft Visual Studio Solution File, Format Version 12.00
# Visual Studio Version 17
VisualStudioVersion = 17.0.31903.59
MinimumVisualStudioVersion = 10.0.40219.1
Project("{2150E333-8FDC-42A3-9474-1A3956D46DE8}") = "CQRS-ES", "CQRS-ES", "{982BC0D6-8911-48A9-979E-260DB6125F95}"
EndProject
Project("{2150E333-8FDC-42A3-9474-1A3956D46DE8}") = "Solution Files", "Solution Files", "{6B5E0B2C-AA8C-4E8C-BE97-05EDDB45639D}"
	ProjectSection(SolutionItems) = preProject
		docker-compose.yml = docker-compose.yml
		MongoDB Docker Client Tools.txt = MongoDB Docker Client Tools.txt
		SQL Docker.txt = SQL Docker.txt
	EndProjectSection
EndProject
Project("{2150E333-8FDC-42A3-9474-1A3956D46DE8}") = "SM-Post", "SM-Post", "{E112DFFB-DD8E-4FC7-8844-46510E2D8DB3}"
EndProject
Project("{FAE04EC0-301F-11D3-BF4B-00C04F79EFBC}") = "CQRS.Core", "CRQS-ES\CQRS.Core\CQRS.Core.csproj", "{60F88F03-6854-4AF8-A015-DACA89F53323}"
EndProject
Project("{2150E333-8FDC-42A3-9474-1A3956D46DE8}") = "Post.Cmd", "Post.Cmd", "{3FA7C220-B565-481A-98F1-6062814F5C87}"
EndProject
Project("{2150E333-8FDC-42A3-9474-1A3956D46DE8}") = "Post.Query", "Post.Query", "{D0B35DB6-5742-476D-94A8-8C5679F3173E}"
EndProject
Project("{FAE04EC0-301F-11D3-BF4B-00C04F79EFBC}") = "Post.Cmd.Api", "SM-Post\Post.Cmd\Post.Cmd.Api\Post.Cmd.Api.csproj", "{81A49B4C-61D5-441F-A8AC-69E0BF9196F7}"
EndProject
Project("{FAE04EC0-301F-11D3-BF4B-00C04F79EFBC}") = "Post.Cmd.Domain", "SM-Post\Post.Cmd\Post.Cmd.Domain\Post.Cmd.Domain.csproj", "{32CB59E5-95D3-43AA-A2DF-F82901D8318E}"
EndProject
Project("{FAE04EC0-301F-11D3-BF4B-00C04F79EFBC}") = "Post.Cmd.Infrastructure", "SM-Post\Post.Cmd\Post.Cmd.Infrastructure\Post.Cmd.Infrastructure.csproj", "{423EC480-6C9B-4F67-BDE5-7E7C5CB07AFA}"
EndProject
Project("{FAE04EC0-301F-11D3-BF4B-00C04F79EFBC}") = "Post.Query.Infrastructure", "SM-Post\Post.Query\Post.Query.Infrastructure\Post.Query.Infrastructure.csproj", "{8A528FDB-54C4-44BF-AF1F-633F26539C49}"
EndProject
Project("{FAE04EC0-301F-11D3-BF4B-00C04F79EFBC}") = "Post.Query.Domain", "SM-Post\Post.Query\Post.Query.Domain\Post.Query.Domain.csproj", "{AA57D149-8201-43DA-A92C-5C8F832CC018}"
EndProject
Project("{FAE04EC0-301F-11D3-BF4B-00C04F79EFBC}") = "Post.Query.Api", "SM-Post\Post.Query\Post.Query.Api\Post.Query.Api.csproj", "{9C0B2B86-FB6E-4CCD-870E-21EC42972614}"
EndProject
Project("{FAE04EC0-301F-11D3-BF4B-00C04F79EFBC}") = "Post.Common", "SM-Post\Post.Common\Post.Common.csproj", "{36F1DA0D-6319-4843-9BB5-82FC9FEC4123}"
	ProjectSection(ProjectDependencies) = postProject
		{60F88F03-6854-4AF8-A015-DACA89F53323} = {60F88F03-6854-4AF8-A015-DACA89F53323}
	EndProjectSection
EndProject
Global
	GlobalSection(SolutionConfigurationPlatforms) = preSolution
		Debug|Any CPU = Debug|Any CPU
		Release|Any CPU = Release|Any CPU
	EndGlobalSection
	GlobalSection(SolutionProperties) = preSolution
		HideSolutionNode = FALSE
	EndGlobalSection
	GlobalSection(NestedProjects) = preSolution
		{60F88F03-6854-4AF8-A015-DACA89F53323} = {982BC0D6-8911-48A9-979E-260DB6125F95}
		{3FA7C220-B565-481A-98F1-6062814F5C87} = {E112DFFB-DD8E-4FC7-8844-46510E2D8DB3}
		{D0B35DB6-5742-476D-94A8-8C5679F3173E} = {E112DFFB-DD8E-4FC7-8844-46510E2D8DB3}
		{81A49B4C-61D5-441F-A8AC-69E0BF9196F7} = {3FA7C220-B565-481A-98F1-6062814F5C87}
		{32CB59E5-95D3-43AA-A2DF-F82901D8318E} = {3FA7C220-B565-481A-98F1-6062814F5C87}
		{423EC480-6C9B-4F67-BDE5-7E7C5CB07AFA} = {3FA7C220-B565-481A-98F1-6062814F5C87}
		{8A528FDB-54C4-44BF-AF1F-633F26539C49} = {D0B35DB6-5742-476D-94A8-8C5679F3173E}
		{AA57D149-8201-43DA-A92C-5C8F832CC018} = {D0B35DB6-5742-476D-94A8-8C5679F3173E}
		{9C0B2B86-FB6E-4CCD-870E-21EC42972614} = {D0B35DB6-5742-476D-94A8-8C5679F3173E}
		{36F1DA0D-6319-4843-9BB5-82FC9FEC4123} = {E112DFFB-DD8E-4FC7-8844-46510E2D8DB3}
	EndGlobalSection
	GlobalSection(ProjectConfigurationPlatforms) = postSolution
		{60F88F03-6854-4AF8-A015-DACA89F53323}.Debug|Any CPU.ActiveCfg = Debug|Any CPU
		{60F88F03-6854-4AF8-A015-DACA89F53323}.Debug|Any CPU.Build.0 = Debug|Any CPU
		{60F88F03-6854-4AF8-A015-DACA89F53323}.Release|Any CPU.ActiveCfg = Release|Any CPU
		{60F88F03-6854-4AF8-A015-DACA89F53323}.Release|Any CPU.Build.0 = Release|Any CPU
		{81A49B4C-61D5-441F-A8AC-69E0BF9196F7}.Debug|Any CPU.ActiveCfg = Debug|Any CPU
		{81A49B4C-61D5-441F-A8AC-69E0BF9196F7}.Debug|Any CPU.Build.0 = Debug|Any CPU
		{81A49B4C-61D5-441F-A8AC-69E0BF9196F7}.Release|Any CPU.ActiveCfg = Release|Any CPU
		{81A49B4C-61D5-441F-A8AC-69E0BF9196F7}.Release|Any CPU.Build.0 = Release|Any CPU
		{32CB59E5-95D3-43AA-A2DF-F82901D8318E}.Debug|Any CPU.ActiveCfg = Debug|Any CPU
		{32CB59E5-95D3-43AA-A2DF-F82901D8318E}.Debug|Any CPU.Build.0 = Debug|Any CPU
		{32CB59E5-95D3-43AA-A2DF-F82901D8318E}.Release|Any CPU.ActiveCfg = Release|Any CPU
		{32CB59E5-95D3-43AA-A2DF-F82901D8318E}.Release|Any CPU.Build.0 = Release|Any CPU
		{423EC480-6C9B-4F67-BDE5-7E7C5CB07AFA}.Debug|Any CPU.ActiveCfg = Debug|Any CPU
		{423EC480-6C9B-4F67-BDE5-7E7C5CB07AFA}.Debug|Any CPU.Build.0 = Debug|Any CPU
		{423EC480-6C9B-4F67-BDE5-7E7C5CB07AFA}.Release|Any CPU.ActiveCfg = Release|Any CPU
		{423EC480-6C9B-4F67-BDE5-7E7C5CB07AFA}.Release|Any CPU.Build.0 = Release|Any CPU
		{8A528FDB-54C4-44BF-AF1F-633F26539C49}.Debug|Any CPU.ActiveCfg = Debug|Any CPU
		{8A528FDB-54C4-44BF-AF1F-633F26539C49}.Debug|Any CPU.Build.0 = Debug|Any CPU
		{8A528FDB-54C4-44BF-AF1F-633F26539C49}.Release|Any CPU.ActiveCfg = Release|Any CPU
		{8A528FDB-54C4-44BF-AF1F-633F26539C49}.Release|Any CPU.Build.0 = Release|Any CPU
		{AA57D149-8201-43DA-A92C-5C8F832CC018}.Debug|Any CPU.ActiveCfg = Debug|Any CPU
		{AA57D149-8201-43DA-A92C-5C8F832CC018}.Debug|Any CPU.Build.0 = Debug|Any CPU
		{AA57D149-8201-43DA-A92C-5C8F832CC018}.Release|Any CPU.ActiveCfg = Release|Any CPU
		{AA57D149-8201-43DA-A92C-5C8F832CC018}.Release|Any CPU.Build.0 = Release|Any CPU
		{9C0B2B86-FB6E-4CCD-870E-21EC42972614}.Debug|Any CPU.ActiveCfg = Debug|Any CPU
		{9C0B2B86-FB6E-4CCD-870E-21EC42972614}.Debug|Any CPU.Build.0 = Debug|Any CPU
		{9C0B2B86-FB6E-4CCD-870E-21EC42972614}.Release|Any CPU.ActiveCfg = Release|Any CPU
		{9C0B2B86-FB6E-4CCD-870E-21EC42972614}.Release|Any CPU.Build.0 = Release|Any CPU
		{36F1DA0D-6319-4843-9BB5-82FC9FEC4123}.Debug|Any CPU.ActiveCfg = Debug|Any CPU
		{36F1DA0D-6319-4843-9BB5-82FC9FEC4123}.Debug|Any CPU.Build.0 = Debug|Any CPU
		{36F1DA0D-6319-4843-9BB5-82FC9FEC4123}.Release|Any CPU.ActiveCfg = Release|Any CPU
		{36F1DA0D-6319-4843-9BB5-82FC9FEC4123}.Release|Any CPU.Build.0 = Release|Any CPU
	EndGlobalSection
EndGlobal
